{
  "requires": true,
  "lockfileVersion": 1,
  "dependencies": {
    "lord-icon-element": {
      "version": "1.2.0",
      "resolved": "https://registry.npmjs.org/lord-icon-element/-/lord-icon-element-1.2.0.tgz",
      "integrity": "sha512-VauaGu8eob9P8EFmt1fwlEuulya0/s4YhGv29cLTtrDI662kCYI5WPcJt+sDNz3CCe1LFl+6Byw2eEDx6q3ECA=="
    },
    "lottie-web": {
      "version": "5.6.8",
      "resolved": "https://registry.npmjs.org/lottie-web/-/lottie-web-5.6.8.tgz",
      "integrity": "sha512-2b7KDEIzpp3Y+u9BtFMHBkUFWe6TFgVdYvXvpfmbbxAL9XiwHUywAoWH1GhCCMmGqWqkxw8v4IxnOq/3hiOtJg=="
    }
  }
}
